
Microsoft Visual Studio Solution File, Format Version 12.00
# Visual Studio 14
VisualStudioVersion = 14.0.25420.1
MinimumVisualStudioVersion = 10.0.40219.1
Project("{FAE04EC0-301F-11D3-BF4B-00C04F79EFBC}") = "App.Admin", "App.Admin.csproj", "{6F518F41-736C-401F-9CD2-0662162F3575}"
EndProject
Project("{2150E333-8FDC-42A3-9474-1A3956D46DE8}") = "BJ.Base", "BJ.Base", "{B89EC418-ADBF-4BB1-B6E7-33ACC18EE2BA}"
EndProject
Project("{FAE04EC0-301F-11D3-BF4B-00C04F79EFBC}") = "BJ.BLL", "BJ.BLL\BJ.BLL.csproj", "{E1D81747-46A0-4350-AB3E-32C2C0FF238D}"
EndProject
Project("{FAE04EC0-301F-11D3-BF4B-00C04F79EFBC}") = "BJ.DAL", "BJ.DAL\BJ.DAL.csproj", "{30213ADB-1D7D-4078-B7C6-2E65793AF674}"
EndProject
Project("{FAE04EC0-301F-11D3-BF4B-00C04F79EFBC}") = "BJ.IBLL", "BJ.IBLL\BJ.IBLL.csproj", "{83AF2C49-968E-41EE-8AE5-05B1FEB3B2F2}"
EndProject
Project("{FAE04EC0-301F-11D3-BF4B-00C04F79EFBC}") = "BJ.IDAL", "BJ.IDAL\BJ.IDAL.csproj", "{7E0183D6-6DB6-42DD-8D43-A84670B6909F}"
EndProject
Global
	GlobalSection(SolutionConfigurationPlatforms) = preSolution
		Debug|Any CPU = Debug|Any CPU
		Release|Any CPU = Release|Any CPU
	EndGlobalSection
	GlobalSection(ProjectConfigurationPlatforms) = postSolution
		{6F518F41-736C-401F-9CD2-0662162F3575}.Debug|Any CPU.ActiveCfg = Debug|Any CPU
		{6F518F41-736C-401F-9CD2-0662162F3575}.Debug|Any CPU.Build.0 = Debug|Any CPU
		{6F518F41-736C-401F-9CD2-0662162F3575}.Release|Any CPU.ActiveCfg = Release|Any CPU
		{6F518F41-736C-401F-9CD2-0662162F3575}.Release|Any CPU.Build.0 = Release|Any CPU
		{E1D81747-46A0-4350-AB3E-32C2C0FF238D}.Debug|Any CPU.ActiveCfg = Debug|Any CPU
		{E1D81747-46A0-4350-AB3E-32C2C0FF238D}.Debug|Any CPU.Build.0 = Debug|Any CPU
		{E1D81747-46A0-4350-AB3E-32C2C0FF238D}.Release|Any CPU.ActiveCfg = Release|Any CPU
		{E1D81747-46A0-4350-AB3E-32C2C0FF238D}.Release|Any CPU.Build.0 = Release|Any CPU
		{30213ADB-1D7D-4078-B7C6-2E65793AF674}.Debug|Any CPU.ActiveCfg = Debug|Any CPU
		{30213ADB-1D7D-4078-B7C6-2E65793AF674}.Debug|Any CPU.Build.0 = Debug|Any CPU
		{30213ADB-1D7D-4078-B7C6-2E65793AF674}.Release|Any CPU.ActiveCfg = Release|Any CPU
		{30213ADB-1D7D-4078-B7C6-2E65793AF674}.Release|Any CPU.Build.0 = Release|Any CPU
		{83AF2C49-968E-41EE-8AE5-05B1FEB3B2F2}.Debug|Any CPU.ActiveCfg = Debug|Any CPU
		{83AF2C49-968E-41EE-8AE5-05B1FEB3B2F2}.Debug|Any CPU.Build.0 = Debug|Any CPU
		{83AF2C49-968E-41EE-8AE5-05B1FEB3B2F2}.Release|Any CPU.ActiveCfg = Release|Any CPU
		{83AF2C49-968E-41EE-8AE5-05B1FEB3B2F2}.Release|Any CPU.Build.0 = Release|Any CPU
		{7E0183D6-6DB6-42DD-8D43-A84670B6909F}.Debug|Any CPU.ActiveCfg = Debug|Any CPU
		{7E0183D6-6DB6-42DD-8D43-A84670B6909F}.Debug|Any CPU.Build.0 = Debug|Any CPU
		{7E0183D6-6DB6-42DD-8D43-A84670B6909F}.Release|Any CPU.ActiveCfg = Release|Any CPU
		{7E0183D6-6DB6-42DD-8D43-A84670B6909F}.Release|Any CPU.Build.0 = Release|Any CPU
	EndGlobalSection
	GlobalSection(SolutionProperties) = preSolution
		HideSolutionNode = FALSE
	EndGlobalSection
	GlobalSection(NestedProjects) = preSolution
		{E1D81747-46A0-4350-AB3E-32C2C0FF238D} = {B89EC418-ADBF-4BB1-B6E7-33ACC18EE2BA}
		{30213ADB-1D7D-4078-B7C6-2E65793AF674} = {B89EC418-ADBF-4BB1-B6E7-33ACC18EE2BA}
		{83AF2C49-968E-41EE-8AE5-05B1FEB3B2F2} = {B89EC418-ADBF-4BB1-B6E7-33ACC18EE2BA}
		{7E0183D6-6DB6-42DD-8D43-A84670B6909F} = {B89EC418-ADBF-4BB1-B6E7-33ACC18EE2BA}
	EndGlobalSection
EndGlobal
